
Microsoft Visual Studio Solution File, Format Version 12.00
# Visual Studio 15
VisualStudioVersion = 15.0.28010.2046
MinimumVisualStudioVersion = 10.0.40219.1
Project("{FAE04EC0-301F-11D3-BF4B-00C04F79EFBC}") = "MasterMind", "MasterMind\MasterMind.csproj", "{1D06446B-737D-45D9-BBA0-BFC1D03A6696}"
EndProject
Global
	GlobalSection(SolutionConfigurationPlatforms) = preSolution
		Debug|Any CPU = Debug|Any CPU
		Release|Any CPU = Release|Any CPU
	EndGlobalSection
	GlobalSection(ProjectConfigurationPlatforms) = postSolution
		{1D06446B-737D-45D9-BBA0-BFC1D03A6696}.Debug|Any CPU.ActiveCfg = Debug|Any CPU
		{1D06446B-737D-45D9-BBA0-BFC1D03A6696}.Debug|Any CPU.Build.0 = Debug|Any CPU
		{1D06446B-737D-45D9-BBA0-BFC1D03A6696}.Release|Any CPU.ActiveCfg = Release|Any CPU
		{1D06446B-737D-45D9-BBA0-BFC1D03A6696}.Release|Any CPU.Build.0 = Release|Any CPU
	EndGlobalSection
	GlobalSection(SolutionProperties) = preSolution
		HideSolutionNode = FALSE
	EndGlobalSection
	GlobalSection(ExtensibilityGlobals) = postSolution
		SolutionGuid = {288C97F4-5AC0-4954-A5ED-3D292FCE39C3}
	EndGlobalSection
EndGlobal
